// !$*UTF8*$!
{
	archiveVersion = 1;
	classes = {
	};
	objectVersion = 46;
	objects = {

/* Begin PBXBuildFile section */
		DC06FE601DE9AB7000603582 /* Operator.swift in Sources */ = {isa = PBXBuildFile; fileRef = DC06FE5F1DE9AB7000603582 /* Operator.swift */; };
		DC06FE621DE9AF0800603582 /* GradientView.swift in Sources */ = {isa = PBXBuildFile; fileRef = DC06FE611DE9AF0800603582 /* GradientView.swift */; };
		DC06FE661DE9C4EF00603582 /* NumberButtonView.swift in Sources */ = {isa = PBXBuildFile; fileRef = DC06FE651DE9C4EF00603582 /* NumberButtonView.swift */; };
		DC2F0B801DE85A83007F5014 /* AppDelegate.swift in Sources */ = {isa = PBXBuildFile; fileRef = DC2F0B7F1DE85A83007F5014 /* AppDelegate.swift */; };
		DC2F0B821DE85A83007F5014 /* ViewController.swift in Sources */ = {isa = PBXBuildFile; fileRef = DC2F0B811DE85A83007F5014 /* ViewController.swift */; };
		DC2F0B851DE85A83007F5014 /* Main.storyboard in Resources */ = {isa = PBXBuildFile; fileRef = DC2F0B831DE85A83007F5014 /* Main.storyboard */; };
		DC2F0B871DE85A83007F5014 /* Assets.xcassets in Resources */ = {isa = PBXBuildFile; fileRef = DC2F0B861DE85A83007F5014 /* Assets.xcassets */; };
		DC2F0B8A1DE85A83007F5014 /* LaunchScreen.storyboard in Resources */ = {isa = PBXBuildFile; fileRef = DC2F0B881DE85A83007F5014 /* LaunchScreen.storyboard */; };
/* End PBXBuildFile section */

/* Begin PBXFileReference section */
		DC06FE5F1DE9AB7000603582 /* Operator.swift */ = {isa = PBXFileReference; fileEncoding = 4; lastKnownFileType = sourcecode.swift; path = Operator.swift; sourceTree = "<group>"; };
		DC06FE611DE9AF0800603582 /* GradientView.swift */ = {isa = PBXFileReference; fileEncoding = 4; lastKnownFileType = sourcecode.swift; path = GradientView.swift; sourceTree = "<group>"; };
		DC06FE651DE9C4EF00603582 /* NumberButtonView.swift */ = {isa = PBXFileReference; fileEncoding = 4; lastKnownFileType = sourcecode.swift; path = NumberButtonView.swift; sourceTree = "<group>"; };
		DC2F0B7C1DE85A83007F5014 /* Calculator.app */ = {isa = PBXFileReference; explicitFileType = wrapper.application; includeInIndex = 0; path = Calculator.app; sourceTree = BUILT_PRODUCTS_DIR; };
		DC2F0B7F1DE85A83007F5014 /* AppDelegate.swift */ = {isa = PBXFileReference; lastKnownFileType = sourcecode.swift; path = AppDelegate.swift; sourceTree = "<group>"; };
		DC2F0B811DE85A83007F5014 /* ViewController.swift */ = {isa = PBXFileReference; lastKnownFileType = sourcecode.swift; path = ViewController.swift; sourceTree = "<group>"; };
		DC2F0B841DE85A83007F5014 /* Base */ = {isa = PBXFileReference; lastKnownFileType = file.storyboard; name = Base; path = Base.lproj/Main.storyboard; sourceTree = "<group>"; };
		DC2F0B861DE85A83007F5014 /* Assets.xcassets */ = {isa = PBXFileReference; lastKnownFileType = folder.assetcatalog; path = Assets.xcassets; sourceTree = "<group>"; };
		DC2F0B891DE85A83007F5014 /* Base */ = {isa = PBXFileReference; lastKnownFileType = file.storyboard; name = Base; path = Base.lproj/LaunchScreen.storyboard; sourceTree = "<group>"; };
		DC2F0B8B1DE85A83007F5014 /* Info.plist */ = {isa = PBXFileReference; lastKnownFileType = text.plist.xml; path = Info.plist; sourceTree = "<group>"; };
/* End PBXFileReference section */

/* Begin PBXFrameworksBuildPhase section */
		DC2F0B791DE85A83007F5014 /* Frameworks */ = {
			isa = PBXFrameworksBuildPhase;
			buildActionMask = 2147483647;
			files = (
			);
			runOnlyForDeploymentPostprocessing = 0;
		};
/* End PBXFrameworksBuildPhase section */

/* Begin PBXGroup section */
		DC2F0B731DE85A83007F5014 = {
			isa = PBXGroup;
			children = (
				DC2F0B7E1DE85A83007F5014 /* Calculator */,
				DC2F0B7D1DE85A83007F5014 /* Products */,
			);
			sourceTree = "<group>";
		};
		DC2F0B7D1DE85A83007F5014 /* Products */ = {
			isa = PBXGroup;
			children = (
				DC2F0B7C1DE85A83007F5014 /* Calculator.app */,
			);
			name = Products;
			sourceTree = "<group>";
		};
		DC2F0B7E1DE85A83007F5014 /* Calculator */ = {
			isa = PBXGroup;
			children = (
				DC2F0B7F1DE85A83007F5014 /* AppDelegate.swift */,
				DC2F0B811DE85A83007F5014 /* ViewController.swift */,
				DC06FE5F1DE9AB7000603582 /* Operator.swift */,
				DC06FE651DE9C4EF00603582 /* NumberButtonView.swift */,
				DC06FE611DE9AF0800603582 /* GradientView.swift */,
				DC2F0B831DE85A83007F5014 /* Main.storyboard */,
				DC2F0B861DE85A83007F5014 /* Assets.xcassets */,
				DC2F0B881DE85A83007F5014 /* LaunchScreen.storyboard */,
				DC2F0B8B1DE85A83007F5014 /* Info.plist */,
			);
			path = Calculator;
			sourceTree = "<group>";
		};
/* End PBXGroup section */

/* Begin PBXNativeTarget section */
		DC2F0B7B1DE85A83007F5014 /* Calculator */ = {
			isa = PBXNativeTarget;
			buildConfigurationList = DC2F0B8E1DE85A83007F5014 /* Build configuration list for PBXNativeTarget "Calculator" */;
			buildPhases = (
				DC2F0B781DE85A83007F5014 /* Sources */,
				DC2F0B791DE85A83007F5014 /* Frameworks */,
				DC2F0B7A1DE85A83007F5014 /* Resources */,
			);
			buildRules = (
			);
			dependencies = (
			);
			name = Calculator;
			productName = Calculator;
			productReference = DC2F0B7C1DE85A83007F5014 /* Calculator.app */;
			productType = "com.apple.product-type.application";
		};
/* End PBXNativeTarget section */

/* Begin PBXProject section */
		DC2F0B741DE85A83007F5014 /* Project object */ = {
			isa = PBXProject;
			attributes = {
				LastSwiftUpdateCheck = 0810;
				LastUpgradeCheck = 0810;
				ORGANIZATIONNAME = doantuan;
				TargetAttributes = {
					DC2F0B7B1DE85A83007F5014 = {
						CreatedOnToolsVersion = 8.1;
						DevelopmentTeam = 25ZS53YZR8;
						ProvisioningStyle = Automatic;
					};
				};
			};
			buildConfigurationList = DC2F0B771DE85A83007F5014 /* Build configuration list for PBXProject "Calculator" */;
			compatibilityVersion = "Xcode 3.2";
			developmentRegion = English;
			hasScannedForEncodings = 0;
			knownRegions = (
				en,
				Base,
			);
			mainGroup = DC2F0B731DE85A83007F5014;
			productRefGroup = DC2F0B7D1DE85A83007F5014 /* Products */;
			projectDirPath = "";
			projectRoot = "";
			targets = (
				DC2F0B7B1DE85A83007F5014 /* Calculator */,
			);
		};
/* End PBXProject section */

/* Begin PBXResourcesBuildPhase section */
		DC2F0B7A1DE85A83007F5014 /* Resources */ = {
			isa = PBXResourcesBuildPhase;
			buildActionMask = 2147483647;
			files = (
				DC2F0B8A1DE85A83007F5014 /* LaunchScreen.storyboard in Resources */,
				DC2F0B871DE85A83007F5014 /* Assets.xcassets in Resources */,
				DC2F0B851DE85A83007F5014 /* Main.storyboard in Resources */,
			);
			runOnlyForDeploymentPostprocessing = 0;
		};
/* End PBXResourcesBuildPhase section */

/* Begin PBXSourcesBuildPhase section */
		DC2F0B781DE85A83007F5014 /* Sources */ = {
			isa = PBXSourcesBuildPhase;
			buildActionMask = 2147483647;
			files = (
				DC2F0B821DE85A83007F5014 /* ViewController.swift in Sources */,
				DC06FE601DE9AB7000603582 /* Operator.swift in Sources */,
				DC06FE621DE9AF0800603582 /* GradientView.swift in Sources */,
				DC06FE661DE9C4EF00603582 /* NumberButtonView.swift in Sources */,
				DC2F0B801DE85A83007F5014 /* AppDelegate.swift in Sources */,
			);
			runOnlyForDeploymentPostprocessing = 0;
		};
/* End PBXSourcesBuildPhase section */

/* Begin PBXVariantGroup section */
		DC2F0B831DE85A83007F5014 /* Main.storyboard */ = {
			isa = PBXVariantGroup;
			children = (
				DC2F0B841DE85A83007F5014 /* Base */,
			);
			name = Main.storyboard;
			sourceTree = "<group>";
		};
		DC2F0B881DE85A83007F5014 /* LaunchScreen.storyboard */ = {
			isa = PBXVariantGroup;
			children = (
				DC2F0B891DE85A83007F5014 /* Base */,
			);
			name = LaunchScreen.storyboard;
			sourceTree = "<group>";
		};
/* End PBXVariantGroup section */

/* Begin XCBuildConfiguration section */
		DC2F0B8C1DE85A83007F5014 /* Debug */ = {
			isa = XCBuildConfiguration;
			buildSettings = {
				ALWAYS_SEARCH_USER_PATHS = NO;
				CLANG_ANALYZER_NONNULL = YES;
				CLANG_CXX_LANGUAGE_STANDARD = "gnu++0x";
				CLANG_CXX_LIBRARY = "libc++";
				CLANG_ENABLE_MODULES = YES;
				CLANG_ENABLE_OBJC_ARC = YES;
				CLANG_WARN_BOOL_CONVERSION = YES;
				CLANG_WARN_CONSTANT_CONVERSION = YES;
				CLANG_WARN_DIRECT_OBJC_ISA_USAGE = YES_ERROR;
				CLANG_WARN_DOCUMENTATION_COMMENTS = YES;
				CLANG_WARN_EMPTY_BODY = YES;
				CLANG_WARN_ENUM_CONVERSION = YES;
				CLANG_WARN_INFINITE_RECURSION = YES;
				CLANG_WARN_INT_CONVERSION = YES;
				CLANG_WARN_OBJC_ROOT_CLASS = YES_ERROR;
				CLANG_WARN_SUSPICIOUS_MOVES = YES;
				CLANG_WARN_UNREACHABLE_CODE = YES;
				CLANG_WARN__DUPLICATE_METHOD_MATCH = YES;
				"CODE_SIGN_IDENTITY[sdk=iphoneos*]" = "iPhone Developer";
				COPY_PHASE_STRIP = NO;
				DEBUG_INFORMATION_FORMAT = dwarf;
				ENABLE_STRICT_OBJC_MSGSEND = YES;
				ENABLE_TESTABILITY = YES;
				GCC_C_LANGUAGE_STANDARD = gnu99;
				GCC_DYNAMIC_NO_PIC = NO;
				GCC_NO_COMMON_BLOCKS = YES;
				GCC_OPTIMIZATION_LEVEL = 0;
				GCC_PREPROCESSOR_DEFINITIONS = (
					"DEBUG=1",
					"$(inherited)",
				);
				GCC_WARN_64_TO_32_BIT_CONVERSION = YES;
				GCC_WARN_ABOUT_RETURN_TYPE = YES_ERROR;
				GCC_WARN_UNDECLARED_SELECTOR = YES;
				GCC_WARN_UNINITIALIZED_AUTOS = YES_AGGRESSIVE;
				GCC_WARN_UNUSED_FUNCTION = YES;
				GCC_WARN_UNUSED_VARIABLE = YES;
				IPHONEOS_DEPLOYMENT_TARGET = 10.1;
				MTL_ENABLE_DEBUG_INFO = YES;
				ONLY_ACTIVE_ARCH = YES;
				SDKROOT = iphoneos;
				SWIFT_ACTIVE_COMPILATION_CONDITIONS = DEBUG;
				SWIFT_OPTIMIZATION_LEVEL = "-Onone";
			};
			name = Debug;
		};
		DC2F0B8D1DE85A83007F5014 /* Release */ = {
			isa = XCBuildConfiguration;
			buildSettings = {
				ALWAYS_SEARCH_USER_PATHS = NO;
				CLANG_ANALYZER_NONNULL = YES;
				CLANG_CXX_LANGUAGE_STANDARD = "gnu++0x";
				CLANG_CXX_LIBRARY = "libc++";
				CLANG_ENABLE_MODULES = YES;
				CLANG_ENABLE_OBJC_ARC = YES;
				CLANG_WARN_BOOL_CONVERSION = YES;
				CLANG_WARN_CONSTANT_CONVERSION = YES;
				CLANG_WARN_DIRECT_OBJC_ISA_USAGE = YES_ERROR;
				CLANG_WARN_DOCUMENTATION_COMMENTS = YES;
				CLANG_WARN_EMPTY_BODY = YES;
				CLANG_WARN_ENUM_CONVERSION = YES;
				CLANG_WARN_INFINITE_RECURSION = YES;
				CLANG_WARN_INT_CONVERSION = YES;
				CLANG_WARN_OBJC_ROOT_CLASS = YES_ERROR;
				CLANG_WARN_SUSPICIOUS_MOVES = YES;
				CLANG_WARN_UNREACHABLE_CODE = YES;
				CLANG_WARN__DUPLICATE_METHOD_MATCH = YES;
				"CODE_SIGN_IDENTITY[sdk=iphoneos*]" = "iPhone Developer";
				COPY_PHASE_STRIP = NO;
				DEBUG_INFORMATION_FORMAT = "dwarf-with-dsym";
				ENABLE_NS_ASSERTIONS = NO;
				ENABLE_STRICT_OBJC_MSGSEND = YES;
				GCC_C_LANGUAGE_STANDARD = gnu99;
				GCC_NO_COMMON_BLOCKS = YES;
				GCC_WARN_64_TO_32_BIT_CONVERSION = YES;
				GCC_WARN_ABOUT_RETURN_TYPE = YES_ERROR;
				GCC_WARN_UNDECLARED_SELECTOR = YES;
				GCC_WARN_UNINITIALIZED_AUTOS = YES_AGGRESSIVE;
				GCC_WARN_UNUSED_FUNCTION = YES;
				GCC_WARN_UNUSED_VARIABLE = YES;
				IPHONEOS_DEPLOYMENT_TARGET = 10.1;
				MTL_ENABLE_DEBUG_INFO = NO;
				SDKROOT = iphoneos;
				SWIFT_OPTIMIZATION_LEVEL = "-Owholemodule";
				VALIDATE_PRODUCT = YES;
			};
			name = Release;
		};
		DC2F0B8F1DE85A83007F5014 /* Debug */ = {
			isa = XCBuildConfiguration;
			buildSettings = {
				ASSETCATALOG_COMPILER_APPICON_NAME = AppIcon;
				DEVELOPMENT_TEAM = 25ZS53YZR8;
				INFOPLIST_FILE = Calculator/Info.plist;
				LD_RUNPATH_SEARCH_PATHS = "$(inherited) @executable_path/Frameworks";
				PRODUCT_BUNDLE_IDENTIFIER = doantuan.Calculator;
				PRODUCT_NAME = "$(TARGET_NAME)";
				SWIFT_VERSION = 3.0;
			};
			name = Debug;
		};
		DC2F0B901DE85A83007F5014 /* Release */ = {
			isa = XCBuildConfiguration;
			buildSettings = {
				ASSETCATALOG_COMPILER_APPICON_NAME = AppIcon;
				DEVELOPMENT_TEAM = 25ZS53YZR8;
				INFOPLIST_FILE = Calculator/Info.plist;
				LD_RUNPATH_SEARCH_PATHS = "$(inherited) @executable_path/Frameworks";
				PRODUCT_BUNDLE_IDENTIFIER = doantuan.Calculator;
				PRODUCT_NAME = "$(TARGET_NAME)";
				SWIFT_VERSION = 3.0;
			};
			name = Release;
		};
/* End XCBuildConfiguration section */

/* Begin XCConfigurationList section */
		DC2F0B771DE85A83007F5014 /* Build configuration list for PBXProject "Calculator" */ = {
			isa = XCConfigurationList;
			buildConfigurations = (
				DC2F0B8C1DE85A83007F5014 /* Debug */,
				DC2F0B8D1DE85A83007F5014 /* Release */,
			);
			defaultConfigurationIsVisible = 0;
			defaultConfigurationName = Release;
		};
		DC2F0B8E1DE85A83007F5014 /* Build configuration list for PBXNativeTarget "Calculator" */ = {
			isa = XCConfigurationList;
			buildConfigurations = (
				DC2F0B8F1DE85A83007F5014 /* Debug */,
				DC2F0B901DE85A83007F5014 /* Release */,
			);
			defaultConfigurationIsVisible = 0;
			defaultConfigurationName = Release;
		};
/* End XCConfigurationList section */
	};
	rootObject = DC2F0B741DE85A83007F5014 /* Project object */;
}
